PODS:
  - Bolts (1.9.0):
    - Bolts/AppLinks (= 1.9.0)
    - Bolts/Tasks (= 1.9.0)
  - Bolts/AppLinks (1.9.0):
    - Bolts/Tasks
  - Bolts/Tasks (1.9.0)
  - Charts (3.2.1):
    - Charts/Core (= 3.2.1)
  - Charts/Core (3.2.1)
  - FacebookCore (0.5.0):
    - Bolts (~> 1.9)
    - FBSDKCoreKit (~> 4.37)
  - FBSDKCoreKit (4.39.0):
    - Bolts (~> 1.9)
  - lottie-ios (2.5.2)

DEPENDENCIES:
  - Charts
  - FacebookCore
  - lottie-ios

SPEC REPOS:
  https://github.com/cocoapods/specs.git:
    - Bolts
    - Charts
    - FacebookCore
    - FBSDKCoreKit
    - lottie-ios

SPEC CHECKSUMS:
  Bolts: ac6567323eac61e203f6a9763667d0f711be34c8
  Charts: f122fb70b19847fa5817d018b77d6c5a2296ab25
  FacebookCore: 74288d0add931d361b1596beae787ab72c438249
  FBSDKCoreKit: 1e3981faefab8c88edfaa9eecd94aab02d99a9bc
  lottie-ios: 3fef45d3fabe63e3c7c2eb603dd64ddfffc73062

PODFILE CHECKSUM: d9c94bbc18dc2838e8085e9cf26d9c41058a74ee

COCOAPODS: 1.5.3
